Microsoft Visual Studio Solution File, Format Version 12.00
# Visual Studio Version 17
VisualStudioVersion = 17.5.2.0
MinimumVisualStudioVersion = 10.0.40219.1
Project("{FAE04EC0-301F-11D3-BF4B-00C04F79EFBC}") = "hello_world", "hello_world\hello_world.csproj", "{1C6111D5-46D6-3120-FC12-DCC5B0DA1162}"
EndProject
Global
	GlobalSection(SolutionConfigurationPlatforms) = preSolution
		Debug|Any CPU = Debug|Any CPU
		Release|Any CPU = Release|Any CPU
	EndGlobalSection
	GlobalSection(ProjectConfigurationPlatforms) = postSolution
		{1C6111D5-46D6-3120-FC12-DCC5B0DA1162}.Debug|Any CPU.ActiveCfg = Debug|Any CPU
		{1C6111D5-46D6-3120-FC12-DCC5B0DA1162}.Debug|Any CPU.Build.0 = Debug|Any CPU
		{1C6111D5-46D6-3120-FC12-DCC5B0DA1162}.Release|Any CPU.ActiveCfg = Release|Any CPU
		{1C6111D5-46D6-3120-FC12-DCC5B0DA1162}.Release|Any CPU.Build.0 = Release|Any CPU
	EndGlobalSection
	GlobalSection(SolutionProperties) = preSolution
		HideSolutionNode = FALSE
	EndGlobalSection
	GlobalSection(ExtensibilityGlobals) = postSolution
		SolutionGuid = {82F46EF9-1842-456F-A651-4F1A98670E5D}
	EndGlobalSection
EndGlobal
